
Microsoft Visual Studio Solution File, Format Version 12.00
# Visual Studio 15
VisualStudioVersion = 15.0.27004.2005
MinimumVisualStudioVersion = 15.0.26124.0
Project("{9A19103F-16F7-4668-BE54-9A1E7A4F7556}") = "CodeFormatter", "CodeFormatter\CodeFormatter.csproj", "{51FDF479-9CD5-41A3-A956-23F5FDEEEA2C}"
EndProject
Project("{FAE04EC0-301F-11D3-BF4B-00C04F79EFBC}") = "Microsoft.DotNet.CodeFormatting", "Microsoft.DotNet.CodeFormatting\Microsoft.DotNet.CodeFormatting.csproj", "{94775331-FBB2-4962-90AF-68EED096233D}"
EndProject
Project("{FAE04EC0-301F-11D3-BF4B-00C04F79EFBC}") = "Microsoft.DotNet.CodeFormatting.Tests", "Microsoft.DotNet.CodeFormatting.Tests\Microsoft.DotNet.CodeFormatting.Tests.csproj", "{18ED00F1-E323-4FD9-B8DB-5CCC86BD7963}"
EndProject
Global
	GlobalSection(SolutionConfigurationPlatforms) = preSolution
		Debug|Any CPU = Debug|Any CPU
		Debug|x64 = Debug|x64
		Debug|x86 = Debug|x86
		Release|Any CPU = Release|Any CPU
		Release|x64 = Release|x64
		Release|x86 = Release|x86
	EndGlobalSection
	GlobalSection(ProjectConfigurationPlatforms) = postSolution
		{51FDF479-9CD5-41A3-A956-23F5FDEEEA2C}.Debug|Any CPU.ActiveCfg = Debug|Any CPU
		{51FDF479-9CD5-41A3-A956-23F5FDEEEA2C}.Debug|Any CPU.Build.0 = Debug|Any CPU
		{51FDF479-9CD5-41A3-A956-23F5FDEEEA2C}.Debug|x64.ActiveCfg = Debug|Any CPU
		{51FDF479-9CD5-41A3-A956-23F5FDEEEA2C}.Debug|x64.Build.0 = Debug|Any CPU
		{51FDF479-9CD5-41A3-A956-23F5FDEEEA2C}.Debug|x86.ActiveCfg = Debug|Any CPU
		{51FDF479-9CD5-41A3-A956-23F5FDEEEA2C}.Debug|x86.Build.0 = Debug|Any CPU
		{51FDF479-9CD5-41A3-A956-23F5FDEEEA2C}.Release|Any CPU.ActiveCfg = Release|Any CPU
		{51FDF479-9CD5-41A3-A956-23F5FDEEEA2C}.Release|Any CPU.Build.0 = Release|Any CPU
		{51FDF479-9CD5-41A3-A956-23F5FDEEEA2C}.Release|x64.ActiveCfg = Release|Any CPU
		{51FDF479-9CD5-41A3-A956-23F5FDEEEA2C}.Release|x64.Build.0 = Release|Any CPU
		{51FDF479-9CD5-41A3-A956-23F5FDEEEA2C}.Release|x86.ActiveCfg = Release|Any CPU
		{51FDF479-9CD5-41A3-A956-23F5FDEEEA2C}.Release|x86.Build.0 = Release|Any CPU
		{94775331-FBB2-4962-90AF-68EED096233D}.Debug|Any CPU.ActiveCfg = Debug|Any CPU
		{94775331-FBB2-4962-90AF-68EED096233D}.Debug|Any CPU.Build.0 = Debug|Any CPU
		{94775331-FBB2-4962-90AF-68EED096233D}.Debug|x64.ActiveCfg = Debug|Any CPU
		{94775331-FBB2-4962-90AF-68EED096233D}.Debug|x64.Build.0 = Debug|Any CPU
		{94775331-FBB2-4962-90AF-68EED096233D}.Debug|x86.ActiveCfg = Debug|Any CPU
		{94775331-FBB2-4962-90AF-68EED096233D}.Debug|x86.Build.0 = Debug|Any CPU
		{94775331-FBB2-4962-90AF-68EED096233D}.Release|Any CPU.ActiveCfg = Release|Any CPU
		{94775331-FBB2-4962-90AF-68EED096233D}.Release|Any CPU.Build.0 = Release|Any CPU
		{94775331-FBB2-4962-90AF-68EED096233D}.Release|x64.ActiveCfg = Release|Any CPU
		{94775331-FBB2-4962-90AF-68EED096233D}.Release|x64.Build.0 = Release|Any CPU
		{94775331-FBB2-4962-90AF-68EED096233D}.Release|x86.ActiveCfg = Release|Any CPU
		{94775331-FBB2-4962-90AF-68EED096233D}.Release|x86.Build.0 = Release|Any CPU
		{18ED00F1-E323-4FD9-B8DB-5CCC86BD7963}.Debug|Any CPU.ActiveCfg = Debug|Any CPU
		{18ED00F1-E323-4FD9-B8DB-5CCC86BD7963}.Debug|Any CPU.Build.0 = Debug|Any CPU
		{18ED00F1-E323-4FD9-B8DB-5CCC86BD7963}.Debug|x64.ActiveCfg = Debug|Any CPU
		{18ED00F1-E323-4FD9-B8DB-5CCC86BD7963}.Debug|x64.Build.0 = Debug|Any CPU
		{18ED00F1-E323-4FD9-B8DB-5CCC86BD7963}.Debug|x86.ActiveCfg = Debug|Any CPU
		{18ED00F1-E323-4FD9-B8DB-5CCC86BD7963}.Debug|x86.Build.0 = Debug|Any CPU
		{18ED00F1-E323-4FD9-B8DB-5CCC86BD7963}.Release|Any CPU.ActiveCfg = Release|Any CPU
		{18ED00F1-E323-4FD9-B8DB-5CCC86BD7963}.Release|Any CPU.Build.0 = Release|Any CPU
		{18ED00F1-E323-4FD9-B8DB-5CCC86BD7963}.Release|x64.ActiveCfg = Release|Any CPU
		{18ED00F1-E323-4FD9-B8DB-5CCC86BD7963}.Release|x64.Build.0 = Release|Any CPU
		{18ED00F1-E323-4FD9-B8DB-5CCC86BD7963}.Release|x86.ActiveCfg = Release|Any CPU
		{18ED00F1-E323-4FD9-B8DB-5CCC86BD7963}.Release|x86.Build.0 = Release|Any CPU
	EndGlobalSection
	GlobalSection(SolutionProperties) = preSolution
		HideSolutionNode = FALSE
	EndGlobalSection
	GlobalSection(ExtensibilityGlobals) = postSolution
		SolutionGuid = {58A37543-63F9-4CB7-9AC0-68E48DEF93A2}
	EndGlobalSection
EndGlobal
